// !$*UTF8*$!
{
	archiveVersion = 1;
	classes = {
	};
	objectVersion = 55;
	objects = {

/* Begin PBXBuildFile section */
		4971EBBA2821510F00F4A8E0 /* Localizable.strings in Resources */ = {isa = PBXBuildFile; fileRef = 4971EBBC2821510F00F4A8E0 /* Localizable.strings */; };
		49D87274280C53E400BDB96B /* AppDelegate.swift in Sources */ = {isa = PBXBuildFile; fileRef = 49D87273280C53E400BDB96B /* AppDelegate.swift */; };
		49D87276280C53E400BDB96B /* SceneDelegate.swift in Sources */ = {isa = PBXBuildFile; fileRef = 49D87275280C53E400BDB96B /* SceneDelegate.swift */; };
		49D8727B280C53E400BDB96B /* Main.storyboard in Resources */ = {isa = PBXBuildFile; fileRef = 49D87279280C53E400BDB96B /* Main.storyboard */; };
		49D8727D280C53E500BDB96B /* Assets.xcassets in Resources */ = {isa = PBXBuildFile; fileRef = 49D8727C280C53E500BDB96B /* Assets.xcassets */; };
		49D87280280C53E500BDB96B /* LaunchScreen.storyboard in Resources */ = {isa = PBXBuildFile; fileRef = 49D8727E280C53E500BDB96B /* LaunchScreen.storyboard */; };
		49D87288280C542600BDB96B /* CharactersTableViewController.swift in Sources */ = {isa = PBXBuildFile; fileRef = 49D87287280C542600BDB96B /* CharactersTableViewController.swift */; };
		49D8728A280C587900BDB96B /* CustomTableViewCell.swift in Sources */ = {isa = PBXBuildFile; fileRef = 49D87289280C587900BDB96B /* CustomTableViewCell.swift */; };
		49D8728C280C5A3400BDB96B /* NetworkServices.swift in Sources */ = {isa = PBXBuildFile; fileRef = 49D8728B280C5A3400BDB96B /* NetworkServices.swift */; };
		49D8728E280C5A7500BDB96B /* CharactersModel.swift in Sources */ = {isa = PBXBuildFile; fileRef = 49D8728D280C5A7500BDB96B /* CharactersModel.swift */; };
		49D87290280C5DB300BDB96B /* DetailsViewController.swift in Sources */ = {isa = PBXBuildFile; fileRef = 49D8728F280C5DB300BDB96B /* DetailsViewController.swift */; };
/* End PBXBuildFile section */

/* Begin PBXFileReference section */
		4971EBB728214F4300F4A8E0 /* ru */ = {isa = PBXFileReference; lastKnownFileType = text.plist.strings; name = ru; path = ru.lproj/Main.strings; sourceTree = "<group>"; };
		4971EBBB2821510F00F4A8E0 /* en */ = {isa = PBXFileReference; lastKnownFileType = text.plist.strings; name = en; path = en.lproj/Localizable.strings; sourceTree = "<group>"; };
		4971EBBD2821511100F4A8E0 /* ru */ = {isa = PBXFileReference; lastKnownFileType = text.plist.strings; name = ru; path = ru.lproj/Localizable.strings; sourceTree = "<group>"; };
		49D87270280C53E400BDB96B /* RickAndMorty-Characters.app */ = {isa = PBXFileReference; explicitFileType = wrapper.application; includeInIndex = 0; path = "RickAndMorty-Characters.app"; sourceTree = BUILT_PRODUCTS_DIR; };
		49D87273280C53E400BDB96B /* AppDelegate.swift */ = {isa = PBXFileReference; lastKnownFileType = sourcecode.swift; path = AppDelegate.swift; sourceTree = "<group>"; };
		49D87275280C53E400BDB96B /* SceneDelegate.swift */ = {isa = PBXFileReference; lastKnownFileType = sourcecode.swift; path = SceneDelegate.swift; sourceTree = "<group>"; };
		49D8727A280C53E400BDB96B /* Base */ = {isa = PBXFileReference; lastKnownFileType = file.storyboard; name = Base; path = Base.lproj/Main.storyboard; sourceTree = "<group>"; };
		49D8727C280C53E500BDB96B /* Assets.xcassets */ = {isa = PBXFileReference; lastKnownFileType = folder.assetcatalog; path = Assets.xcassets; sourceTree = "<group>"; };
		49D8727F280C53E500BDB96B /* Base */ = {isa = PBXFileReference; lastKnownFileType = file.storyboard; name = Base; path = Base.lproj/LaunchScreen.storyboard; sourceTree = "<group>"; };
		49D87281280C53E500BDB96B /* Info.plist */ = {isa = PBXFileReference; lastKnownFileType = text.plist.xml; path = Info.plist; sourceTree = "<group>"; };
		49D87287280C542600BDB96B /* CharactersTableViewController.swift */ = {isa = PBXFileReference; lastKnownFileType = sourcecode.swift; path = CharactersTableViewController.swift; sourceTree = "<group>"; };
		49D87289280C587900BDB96B /* CustomTableViewCell.swift */ = {isa = PBXFileReference; lastKnownFileType = sourcecode.swift; path = CustomTableViewCell.swift; sourceTree = "<group>"; };
		49D8728B280C5A3400BDB96B /* NetworkServices.swift */ = {isa = PBXFileReference; lastKnownFileType = sourcecode.swift; path = NetworkServices.swift; sourceTree = "<group>"; };
		49D8728D280C5A7500BDB96B /* CharactersModel.swift */ = {isa = PBXFileReference; lastKnownFileType = sourcecode.swift; path = CharactersModel.swift; sourceTree = "<group>"; };
		49D8728F280C5DB300BDB96B /* DetailsViewController.swift */ = {isa = PBXFileReference; lastKnownFileType = sourcecode.swift; path = DetailsViewController.swift; sourceTree = "<group>"; };
/* End PBXFileReference section */

/* Begin PBXFrameworksBuildPhase section */
		49D8726D280C53E400BDB96B /* Frameworks */ = {
			isa = PBXFrameworksBuildPhase;
			buildActionMask = 2147483647;
			files = (
			);
			runOnlyForDeploymentPostprocessing = 0;
		};
/* End PBXFrameworksBuildPhase section */

/* Begin PBXGroup section */
		497CA453280DE1F4002442E4 /* Storyboard */ = {
			isa = PBXGroup;
			children = (
				49D87279280C53E400BDB96B /* Main.storyboard */,
				49D8727E280C53E500BDB96B /* LaunchScreen.storyboard */,
			);
			path = Storyboard;
			sourceTree = "<group>";
		};
		497CA454280E05FA002442E4 /* Model */ = {
			isa = PBXGroup;
			children = (
				49D8728D280C5A7500BDB96B /* CharactersModel.swift */,
			);
			path = Model;
			sourceTree = "<group>";
		};
		497CA455280E0646002442E4 /* Support */ = {
			isa = PBXGroup;
			children = (
				49D87273280C53E400BDB96B /* AppDelegate.swift */,
				49D87275280C53E400BDB96B /* SceneDelegate.swift */,
				49D8727C280C53E500BDB96B /* Assets.xcassets */,
				49D87281280C53E500BDB96B /* Info.plist */,
			);
			path = Support;
			sourceTree = "<group>";
		};
		497CA456280E0681002442E4 /* ViewController */ = {
			isa = PBXGroup;
			children = (
				49D87287280C542600BDB96B /* CharactersTableViewController.swift */,
				49D8728F280C5DB300BDB96B /* DetailsViewController.swift */,
				49D87289280C587900BDB96B /* CustomTableViewCell.swift */,
			);
			path = ViewController;
			sourceTree = "<group>";
		};
		497CA457280E0697002442E4 /* Networking */ = {
			isa = PBXGroup;
			children = (
				49D8728B280C5A3400BDB96B /* NetworkServices.swift */,
			);
			path = Networking;
			sourceTree = "<group>";
		};
		49D87267280C53E400BDB96B = {
			isa = PBXGroup;
			children = (
				49D87272280C53E400BDB96B /* RickAndMorty-Characters */,
				49D87271280C53E400BDB96B /* Products */,
			);
			sourceTree = "<group>";
		};
		49D87271280C53E400BDB96B /* Products */ = {
			isa = PBXGroup;
			children = (
				49D87270280C53E400BDB96B /* RickAndMorty-Characters.app */,
			);
			name = Products;
			sourceTree = "<group>";
		};
		49D87272280C53E400BDB96B /* RickAndMorty-Characters */ = {
			isa = PBXGroup;
			children = (
				497CA454280E05FA002442E4 /* Model */,
				497CA456280E0681002442E4 /* ViewController */,
				497CA457280E0697002442E4 /* Networking */,
				497CA453280DE1F4002442E4 /* Storyboard */,
				497CA455280E0646002442E4 /* Support */,
				4971EBBC2821510F00F4A8E0 /* Localizable.strings */,
			);
			path = "RickAndMorty-Characters";
			sourceTree = "<group>";
		};
/* End PBXGroup section */

/* Begin PBXNativeTarget section */
		49D8726F280C53E400BDB96B /* RickAndMorty-Characters */ = {
			isa = PBXNativeTarget;
			buildConfigurationList = 49D87284280C53E500BDB96B /* Build configuration list for PBXNativeTarget "RickAndMorty-Characters" */;
			buildPhases = (
				49D8726C280C53E400BDB96B /* Sources */,
				49D8726D280C53E400BDB96B /* Frameworks */,
				49D8726E280C53E400BDB96B /* Resources */,
			);
			buildRules = (
			);
			dependencies = (
			);
			name = "RickAndMorty-Characters";
			productName = "RickAndMorty-Characters";
			productReference = 49D87270280C53E400BDB96B /* RickAndMorty-Characters.app */;
			productType = "com.apple.product-type.application";
		};
/* End PBXNativeTarget section */

/* Begin PBXProject section */
		49D87268280C53E400BDB96B /* Project object */ = {
			isa = PBXProject;
			attributes = {
				BuildIndependentTargetsInParallel = 1;
				LastSwiftUpdateCheck = 1320;
				LastUpgradeCheck = 1320;
				TargetAttributes = {
					49D8726F280C53E400BDB96B = {
						CreatedOnToolsVersion = 13.2.1;
					};
				};
			};
			buildConfigurationList = 49D8726B280C53E400BDB96B /* Build configuration list for PBXProject "RickAndMorty-Characters" */;
			compatibilityVersion = "Xcode 13.0";
			developmentRegion = en;
			hasScannedForEncodings = 0;
			knownRegions = (
				en,
				Base,
				ru,
			);
			mainGroup = 49D87267280C53E400BDB96B;
			productRefGroup = 49D87271280C53E400BDB96B /* Products */;
			projectDirPath = "";
			projectRoot = "";
			targets = (
				49D8726F280C53E400BDB96B /* RickAndMorty-Characters */,
			);
		};
/* End PBXProject section */

/* Begin PBXResourcesBuildPhase section */
		49D8726E280C53E400BDB96B /* Resources */ = {
			isa = PBXResourcesBuildPhase;
			buildActionMask = 2147483647;
			files = (
				49D87280280C53E500BDB96B /* LaunchScreen.storyboard in Resources */,
				4971EBBA2821510F00F4A8E0 /* Localizable.strings in Resources */,
				49D8727D280C53E500BDB96B /* Assets.xcassets in Resources */,
				49D8727B280C53E400BDB96B /* Main.storyboard in Resources */,
			);
			runOnlyForDeploymentPostprocessing = 0;
		};
/* End PBXResourcesBuildPhase section */

/* Begin PBXSourcesBuildPhase section */
		49D8726C280C53E400BDB96B /* Sources */ = {
			isa = PBXSourcesBuildPhase;
			buildActionMask = 2147483647;
			files = (
				49D8728C280C5A3400BDB96B /* NetworkServices.swift in Sources */,
				49D87288280C542600BDB96B /* CharactersTableViewController.swift in Sources */,
				49D87274280C53E400BDB96B /* AppDelegate.swift in Sources */,
				49D8728E280C5A7500BDB96B /* CharactersModel.swift in Sources */,
				49D87290280C5DB300BDB96B /* DetailsViewController.swift in Sources */,
				49D8728A280C587900BDB96B /* CustomTableViewCell.swift in Sources */,
				49D87276280C53E400BDB96B /* SceneDelegate.swift in Sources */,
			);
			runOnlyForDeploymentPostprocessing = 0;
		};
/* End PBXSourcesBuildPhase section */

/* Begin PBXVariantGroup section */
		4971EBBC2821510F00F4A8E0 /* Localizable.strings */ = {
			isa = PBXVariantGroup;
			children = (
				4971EBBB2821510F00F4A8E0 /* en */,
				4971EBBD2821511100F4A8E0 /* ru */,
			);
			name = Localizable.strings;
			sourceTree = "<group>";
		};
		49D87279280C53E400BDB96B /* Main.storyboard */ = {
			isa = PBXVariantGroup;
			children = (
				49D8727A280C53E400BDB96B /* Base */,
				4971EBB728214F4300F4A8E0 /* ru */,
			);
			name = Main.storyboard;
			sourceTree = "<group>";
		};
		49D8727E280C53E500BDB96B /* LaunchScreen.storyboard */ = {
			isa = PBXVariantGroup;
			children = (
				49D8727F280C53E500BDB96B /* Base */,
			);
			name = LaunchScreen.storyboard;
			sourceTree = "<group>";
		};
/* End PBXVariantGroup section */

/* Begin XCBuildConfiguration section */
		49D87282280C53E500BDB96B /* Debug */ = {
			isa = XCBuildConfiguration;
			buildSettings = {
				ALWAYS_SEARCH_USER_PATHS = NO;
				CLANG_ANALYZER_LOCALIZABILITY_NONLOCALIZED = YES;
				CLANG_ANALYZER_NONNULL = YES;
				CLANG_ANALYZER_NUMBER_OBJECT_CONVERSION = YES_AGGRESSIVE;
				CLANG_CXX_LANGUAGE_STANDARD = "gnu++17";
				CLANG_CXX_LIBRARY = "libc++";
				CLANG_ENABLE_MODULES = YES;
				CLANG_ENABLE_OBJC_ARC = YES;
				CLANG_ENABLE_OBJC_WEAK = YES;
				CLANG_WARN_BLOCK_CAPTURE_AUTORELEASING = YES;
				CLANG_WARN_BOOL_CONVERSION = YES;
				CLANG_WARN_COMMA = YES;
				CLANG_WARN_CONSTANT_CONVERSION = YES;
				CLANG_WARN_DEPRECATED_OBJC_IMPLEMENTATIONS = YES;
				CLANG_WARN_DIRECT_OBJC_ISA_USAGE = YES_ERROR;
				CLANG_WARN_DOCUMENTATION_COMMENTS = YES;
				CLANG_WARN_EMPTY_BODY = YES;
				CLANG_WARN_ENUM_CONVERSION = YES;
				CLANG_WARN_INFINITE_RECURSION = YES;
				CLANG_WARN_INT_CONVERSION = YES;
				CLANG_WARN_NON_LITERAL_NULL_CONVERSION = YES;
				CLANG_WARN_OBJC_IMPLICIT_RETAIN_SELF = YES;
				CLANG_WARN_OBJC_LITERAL_CONVERSION = YES;
				CLANG_WARN_OBJC_ROOT_CLASS = YES_ERROR;
				CLANG_WARN_QUOTED_INCLUDE_IN_FRAMEWORK_HEADER = YES;
				CLANG_WARN_RANGE_LOOP_ANALYSIS = YES;
				CLANG_WARN_STRICT_PROTOTYPES = YES;
				CLANG_WARN_SUSPICIOUS_MOVE = YES;
				CLANG_WARN_UNGUARDED_AVAILABILITY = YES_AGGRESSIVE;
				CLANG_WARN_UNREACHABLE_CODE = YES;
				CLANG_WARN__DUPLICATE_METHOD_MATCH = YES;
				COPY_PHASE_STRIP = NO;
				DEBUG_INFORMATION_FORMAT = dwarf;
				ENABLE_STRICT_OBJC_MSGSEND = YES;
				ENABLE_TESTABILITY = YES;
				GCC_C_LANGUAGE_STANDARD = gnu11;
				GCC_DYNAMIC_NO_PIC = NO;
				GCC_NO_COMMON_BLOCKS = YES;
				GCC_OPTIMIZATION_LEVEL = 0;
				GCC_PREPROCESSOR_DEFINITIONS = (
					"DEBUG=1",
					"$(inherited)",
				);
				GCC_WARN_64_TO_32_BIT_CONVERSION = YES;
				GCC_WARN_ABOUT_RETURN_TYPE = YES_ERROR;
				GCC_WARN_UNDECLARED_SELECTOR = YES;
				GCC_WARN_UNINITIALIZED_AUTOS = YES_AGGRESSIVE;
				GCC_WARN_UNUSED_FUNCTION = YES;
				GCC_WARN_UNUSED_VARIABLE = YES;
				IPHONEOS_DEPLOYMENT_TARGET = 15.0;
				MTL_ENABLE_DEBUG_INFO = INCLUDE_SOURCE;
				MTL_FAST_MATH = YES;
				ONLY_ACTIVE_ARCH = YES;
				SDKROOT = iphoneos;
				SWIFT_ACTIVE_COMPILATION_CONDITIONS = DEBUG;
				SWIFT_OPTIMIZATION_LEVEL = "-Onone";
			};
			name = Debug;
		};
		49D87283280C53E500BDB96B /* Release */ = {
			isa = XCBuildConfiguration;
			buildSettings = {
				ALWAYS_SEARCH_USER_PATHS = NO;
				CLANG_ANALYZER_LOCALIZABILITY_NONLOCALIZED = YES;
				CLANG_ANALYZER_NONNULL = YES;
				CLANG_ANALYZER_NUMBER_OBJECT_CONVERSION = YES_AGGRESSIVE;
				CLANG_CXX_LANGUAGE_STANDARD = "gnu++17";
				CLANG_CXX_LIBRARY = "libc++";
				CLANG_ENABLE_MODULES = YES;
				CLANG_ENABLE_OBJC_ARC = YES;
				CLANG_ENABLE_OBJC_WEAK = YES;
				CLANG_WARN_BLOCK_CAPTURE_AUTORELEASING = YES;
				CLANG_WARN_BOOL_CONVERSION = YES;
				CLANG_WARN_COMMA = YES;
				CLANG_WARN_CONSTANT_CONVERSION = YES;
				CLANG_WARN_DEPRECATED_OBJC_IMPLEMENTATIONS = YES;
				CLANG_WARN_DIRECT_OBJC_ISA_USAGE = YES_ERROR;
				CLANG_WARN_DOCUMENTATION_COMMENTS = YES;
				CLANG_WARN_EMPTY_BODY = YES;
				CLANG_WARN_ENUM_CONVERSION = YES;
				CLANG_WARN_INFINITE_RECURSION = YES;
				CLANG_WARN_INT_CONVERSION = YES;
				CLANG_WARN_NON_LITERAL_NULL_CONVERSION = YES;
				CLANG_WARN_OBJC_IMPLICIT_RETAIN_SELF = YES;
				CLANG_WARN_OBJC_LITERAL_CONVERSION = YES;
				CLANG_WARN_OBJC_ROOT_CLASS = YES_ERROR;
				CLANG_WARN_QUOTED_INCLUDE_IN_FRAMEWORK_HEADER = YES;
				CLANG_WARN_RANGE_LOOP_ANALYSIS = YES;
				CLANG_WARN_STRICT_PROTOTYPES = YES;
				CLANG_WARN_SUSPICIOUS_MOVE = YES;
				CLANG_WARN_UNGUARDED_AVAILABILITY = YES_AGGRESSIVE;
				CLANG_WARN_UNREACHABLE_CODE = YES;
				CLANG_WARN__DUPLICATE_METHOD_MATCH = YES;
				COPY_PHASE_STRIP = NO;
				DEBUG_INFORMATION_FORMAT = "dwarf-with-dsym";
				ENABLE_NS_ASSERTIONS = NO;
				ENABLE_STRICT_OBJC_MSGSEND = YES;
				GCC_C_LANGUAGE_STANDARD = gnu11;
				GCC_NO_COMMON_BLOCKS = YES;
				GCC_WARN_64_TO_32_BIT_CONVERSION = YES;
				GCC_WARN_ABOUT_RETURN_TYPE = YES_ERROR;
				GCC_WARN_UNDECLARED_SELECTOR = YES;
				GCC_WARN_UNINITIALIZED_AUTOS = YES_AGGRESSIVE;
				GCC_WARN_UNUSED_FUNCTION = YES;
				GCC_WARN_UNUSED_VARIABLE = YES;
				IPHONEOS_DEPLOYMENT_TARGET = 15.0;
				MTL_ENABLE_DEBUG_INFO = NO;
				MTL_FAST_MATH = YES;
				SDKROOT = iphoneos;
				SWIFT_COMPILATION_MODE = wholemodule;
				SWIFT_OPTIMIZATION_LEVEL = "-O";
				VALIDATE_PRODUCT = YES;
			};
			name = Release;
		};
		49D87285280C53E500BDB96B /* Debug */ = {
			isa = XCBuildConfiguration;
			buildSettings = {
				ASSETCATALOG_COMPILER_APPICON_NAME = AppIcon;
				ASSETCATALOG_COMPILER_GLOBAL_ACCENT_COLOR_NAME = AccentColor;
				CODE_SIGN_STYLE = Automatic;
				CURRENT_PROJECT_VERSION = 1;
				DEVELOPMENT_TEAM = 7L868WZ32W;
				GENERATE_INFOPLIST_FILE = YES;
				INFOPLIST_FILE = "RickAndMorty-Characters/Support/Info.plist";
				INFOPLIST_KEY_CFBundleDisplayName = RickAndMorty;
				INFOPLIST_KEY_UIApplicationSupportsIndirectInputEvents = YES;
				INFOPLIST_KEY_UILaunchStoryboardName = LaunchScreen;
				INFOPLIST_KEY_UIMainStoryboardFile = Main;
				INFOPLIST_KEY_UIRequiresFullScreen = NO;
				INFOPLIST_KEY_UISupportedInterfaceOrientations = UIInterfaceOrientationPortrait;
				INFOPLIST_KEY_UISupportedInterfaceOrientations_iPad = "UIInterfaceOrientationPortrait UIInterfaceOrientationPortraitUpsideDown UIInterfaceOrientationLandscapeLeft UIInterfaceOrientationLandscapeRight";
				INFOPLIST_KEY_UISupportedInterfaceOrientations_iPhone = "UIInterfaceOrientationPortrait UIInterfaceOrientationLandscapeLeft UIInterfaceOrientationLandscapeRight";
				IPHONEOS_DEPLOYMENT_TARGET = 15.0;
				LD_RUNPATH_SEARCH_PATHS = (
					"$(inherited)",
					"@executable_path/Frameworks",
				);
				MARKETING_VERSION = 1.0;
				PRODUCT_BUNDLE_IDENTIFIER = "-1.RickAndMorty-Characters";
				PRODUCT_NAME = "$(TARGET_NAME)";
				SWIFT_EMIT_LOC_STRINGS = YES;
				SWIFT_VERSION = 5.0;
				TARGETED_DEVICE_FAMILY = "1,2";
			};
			name = Debug;
		};
		49D87286280C53E500BDB96B /* Release */ = {
			isa = XCBuildConfiguration;
			buildSettings = {
				ASSETCATALOG_COMPILER_APPICON_NAME = AppIcon;
				ASSETCATALOG_COMPILER_GLOBAL_ACCENT_COLOR_NAME = AccentColor;
				CODE_SIGN_STYLE = Automatic;
				CURRENT_PROJECT_VERSION = 1;
				DEVELOPMENT_TEAM = 7L868WZ32W;
				GENERATE_INFOPLIST_FILE = YES;
				INFOPLIST_FILE = "RickAndMorty-Characters/Support/Info.plist";
				INFOPLIST_KEY_CFBundleDisplayName = RickAndMorty;
				INFOPLIST_KEY_UIApplicationSupportsIndirectInputEvents = YES;
				INFOPLIST_KEY_UILaunchStoryboardName = LaunchScreen;
				INFOPLIST_KEY_UIMainStoryboardFile = Main;
				INFOPLIST_KEY_UIRequiresFullScreen = NO;
				INFOPLIST_KEY_UISupportedInterfaceOrientations = UIInterfaceOrientationPortrait;
				INFOPLIST_KEY_UISupportedInterfaceOrientations_iPad = "UIInterfaceOrientationPortrait UIInterfaceOrientationPortraitUpsideDown UIInterfaceOrientationLandscapeLeft UIInterfaceOrientationLandscapeRight";
				INFOPLIST_KEY_UISupportedInterfaceOrientations_iPhone = "UIInterfaceOrientationPortrait UIInterfaceOrientationLandscapeLeft UIInterfaceOrientationLandscapeRight";
				IPHONEOS_DEPLOYMENT_TARGET = 15.0;
				LD_RUNPATH_SEARCH_PATHS = (
					"$(inherited)",
					"@executable_path/Frameworks",
				);
				MARKETING_VERSION = 1.0;
				PRODUCT_BUNDLE_IDENTIFIER = "-1.RickAndMorty-Characters";
				PRODUCT_NAME = "$(TARGET_NAME)";
				SWIFT_EMIT_LOC_STRINGS = YES;
				SWIFT_VERSION = 5.0;
				TARGETED_DEVICE_FAMILY = "1,2";
			};
			name = Release;
		};
/* End XCBuildConfiguration section */

/* Begin XCConfigurationList section */
		49D8726B280C53E400BDB96B /* Build configuration list for PBXProject "RickAndMorty-Characters" */ = {
			isa = XCConfigurationList;
			buildConfigurations = (
				49D87282280C53E500BDB96B /* Debug */,
				49D87283280C53E500BDB96B /* Release */,
			);
			defaultConfigurationIsVisible = 0;
			defaultConfigurationName = Release;
		};
		49D87284280C53E500BDB96B /* Build configuration list for PBXNativeTarget "RickAndMorty-Characters" */ = {
			isa = XCConfigurationList;
			buildConfigurations = (
				49D87285280C53E500BDB96B /* Debug */,
				49D87286280C53E500BDB96B /* Release */,
			);
			defaultConfigurationIsVisible = 0;
			defaultConfigurationName = Release;
		};
/* End XCConfigurationList section */
	};
	rootObject = 49D87268280C53E400BDB96B /* Project object */;
}
